
Microsoft Visual Studio Solution File, Format Version 12.00
# Visual Studio Version 16
VisualStudioVersion = 16.0.28803.452
MinimumVisualStudioVersion = 10.0.40219.1
Project("{FAE04EC0-301F-11D3-BF4B-00C04F79EFBC}") = "4", "4\4.csproj", "{38D2362D-FA6F-4D0C-B3CE-A4F1EE54D667}"
EndProject
Global
	GlobalSection(SolutionConfigurationPlatforms) = preSolution
		Debug|Any CPU = Debug|Any CPU
		Release|Any CPU = Release|Any CPU
	EndGlobalSection
	GlobalSection(ProjectConfigurationPlatforms) = postSolution
		{38D2362D-FA6F-4D0C-B3CE-A4F1EE54D667}.Debug|Any CPU.ActiveCfg = Debug|Any CPU
		{38D2362D-FA6F-4D0C-B3CE-A4F1EE54D667}.Debug|Any CPU.Build.0 = Debug|Any CPU
		{38D2362D-FA6F-4D0C-B3CE-A4F1EE54D667}.Release|Any CPU.ActiveCfg = Release|Any CPU
		{38D2362D-FA6F-4D0C-B3CE-A4F1EE54D667}.Release|Any CPU.Build.0 = Release|Any CPU
	EndGlobalSection
	GlobalSection(SolutionProperties) = preSolution
		HideSolutionNode = FALSE
	EndGlobalSection
	GlobalSection(ExtensibilityGlobals) = postSolution
		SolutionGuid = {D2AAF852-C648-46AF-8E93-A3FB242304DD}
	EndGlobalSection
EndGlobal
