
Microsoft Visual Studio Solution File, Format Version 12.00
# Visual Studio Version 16
VisualStudioVersion = 16.0.28803.452
MinimumVisualStudioVersion = 10.0.40219.1
Project("{FAE04EC0-301F-11D3-BF4B-00C04F79EFBC}") = "11", "11\11.csproj", "{18FBC1E5-8B7C-41D8-B381-CE53B6B9A5FD}"
EndProject
Global
	GlobalSection(SolutionConfigurationPlatforms) = preSolution
		Debug|Any CPU = Debug|Any CPU
		Release|Any CPU = Release|Any CPU
	EndGlobalSection
	GlobalSection(ProjectConfigurationPlatforms) = postSolution
		{18FBC1E5-8B7C-41D8-B381-CE53B6B9A5FD}.Debug|Any CPU.ActiveCfg = Debug|Any CPU
		{18FBC1E5-8B7C-41D8-B381-CE53B6B9A5FD}.Debug|Any CPU.Build.0 = Debug|Any CPU
		{18FBC1E5-8B7C-41D8-B381-CE53B6B9A5FD}.Release|Any CPU.ActiveCfg = Release|Any CPU
		{18FBC1E5-8B7C-41D8-B381-CE53B6B9A5FD}.Release|Any CPU.Build.0 = Release|Any CPU
	EndGlobalSection
	GlobalSection(SolutionProperties) = preSolution
		HideSolutionNode = FALSE
	EndGlobalSection
	GlobalSection(ExtensibilityGlobals) = postSolution
		SolutionGuid = {AE600737-117C-4585-8D94-A9DB68723837}
	EndGlobalSection
EndGlobal
