
Microsoft Visual Studio Solution File, Format Version 12.00
# Visual Studio Version 16
VisualStudioVersion = 16.0.28803.452
MinimumVisualStudioVersion = 10.0.40219.1
Project("{FAE04EC0-301F-11D3-BF4B-00C04F79EFBC}") = "3", "3\3.csproj", "{C01947FA-4CB3-49C1-A22B-6CB9552C4D49}"
EndProject
Global
	GlobalSection(SolutionConfigurationPlatforms) = preSolution
		Debug|Any CPU = Debug|Any CPU
		Release|Any CPU = Release|Any CPU
	EndGlobalSection
	GlobalSection(ProjectConfigurationPlatforms) = postSolution
		{C01947FA-4CB3-49C1-A22B-6CB9552C4D49}.Debug|Any CPU.ActiveCfg = Debug|Any CPU
		{C01947FA-4CB3-49C1-A22B-6CB9552C4D49}.Debug|Any CPU.Build.0 = Debug|Any CPU
		{C01947FA-4CB3-49C1-A22B-6CB9552C4D49}.Release|Any CPU.ActiveCfg = Release|Any CPU
		{C01947FA-4CB3-49C1-A22B-6CB9552C4D49}.Release|Any CPU.Build.0 = Release|Any CPU
	EndGlobalSection
	GlobalSection(SolutionProperties) = preSolution
		HideSolutionNode = FALSE
	EndGlobalSection
	GlobalSection(ExtensibilityGlobals) = postSolution
		SolutionGuid = {F7FD344B-0853-4AC7-8E01-0DB7DE75A0A2}
	EndGlobalSection
EndGlobal
