
Microsoft Visual Studio Solution File, Format Version 12.00
# Visual Studio Version 16
VisualStudioVersion = 16.0.28803.452
MinimumVisualStudioVersion = 10.0.40219.1
Project("{FAE04EC0-301F-11D3-BF4B-00C04F79EFBC}") = "17", "17\17.csproj", "{039DF918-5E9C-4B6C-A8A5-79DB63377BFF}"
EndProject
Global
	GlobalSection(SolutionConfigurationPlatforms) = preSolution
		Debug|Any CPU = Debug|Any CPU
		Release|Any CPU = Release|Any CPU
	EndGlobalSection
	GlobalSection(ProjectConfigurationPlatforms) = postSolution
		{039DF918-5E9C-4B6C-A8A5-79DB63377BFF}.Debug|Any CPU.ActiveCfg = Debug|Any CPU
		{039DF918-5E9C-4B6C-A8A5-79DB63377BFF}.Debug|Any CPU.Build.0 = Debug|Any CPU
		{039DF918-5E9C-4B6C-A8A5-79DB63377BFF}.Release|Any CPU.ActiveCfg = Release|Any CPU
		{039DF918-5E9C-4B6C-A8A5-79DB63377BFF}.Release|Any CPU.Build.0 = Release|Any CPU
	EndGlobalSection
	GlobalSection(SolutionProperties) = preSolution
		HideSolutionNode = FALSE
	EndGlobalSection
	GlobalSection(ExtensibilityGlobals) = postSolution
		SolutionGuid = {2830D0EA-486F-4C19-8265-5CAE7E6372C4}
	EndGlobalSection
EndGlobal
