
Microsoft Visual Studio Solution File, Format Version 12.00
# Visual Studio Version 16
VisualStudioVersion = 16.0.28803.452
MinimumVisualStudioVersion = 10.0.40219.1
Project("{FAE04EC0-301F-11D3-BF4B-00C04F79EFBC}") = "16", "16\16.csproj", "{72C428D7-4CDD-4E3F-BE29-F16068188AAA}"
EndProject
Global
	GlobalSection(SolutionConfigurationPlatforms) = preSolution
		Debug|Any CPU = Debug|Any CPU
		Release|Any CPU = Release|Any CPU
	EndGlobalSection
	GlobalSection(ProjectConfigurationPlatforms) = postSolution
		{72C428D7-4CDD-4E3F-BE29-F16068188AAA}.Debug|Any CPU.ActiveCfg = Debug|Any CPU
		{72C428D7-4CDD-4E3F-BE29-F16068188AAA}.Debug|Any CPU.Build.0 = Debug|Any CPU
		{72C428D7-4CDD-4E3F-BE29-F16068188AAA}.Release|Any CPU.ActiveCfg = Release|Any CPU
		{72C428D7-4CDD-4E3F-BE29-F16068188AAA}.Release|Any CPU.Build.0 = Release|Any CPU
	EndGlobalSection
	GlobalSection(SolutionProperties) = preSolution
		HideSolutionNode = FALSE
	EndGlobalSection
	GlobalSection(ExtensibilityGlobals) = postSolution
		SolutionGuid = {775325E6-91F9-4059-B67F-F6663A54A04D}
	EndGlobalSection
EndGlobal
